// !$*UTF8*$!
{
	archiveVersion = 1;
	classes = {
	};
	objectVersion = 50;
	objects = {

/* Begin PBXBuildFile section */
		BB7485322397E88100A2E8E3 /* AppDelegate.swift in Sources */ = {isa = PBXBuildFile; fileRef = BB7485312397E88100A2E8E3 /* AppDelegate.swift */; };
		BB7485342397E88100A2E8E3 /* SceneDelegate.swift in Sources */ = {isa = PBXBuildFile; fileRef = BB7485332397E88100A2E8E3 /* SceneDelegate.swift */; };
		BB7485362397E88100A2E8E3 /* ViewController.swift in Sources */ = {isa = PBXBuildFile; fileRef = BB7485352397E88100A2E8E3 /* ViewController.swift */; };
		BB7485392397E88100A2E8E3 /* Main.storyboard in Resources */ = {isa = PBXBuildFile; fileRef = BB7485372397E88100A2E8E3 /* Main.storyboard */; };
		BB74853B2397E88200A2E8E3 /* Assets.xcassets in Resources */ = {isa = PBXBuildFile; fileRef = BB74853A2397E88200A2E8E3 /* Assets.xcassets */; };
		BB74853E2397E88200A2E8E3 /* LaunchScreen.storyboard in Resources */ = {isa = PBXBuildFile; fileRef = BB74853C2397E88200A2E8E3 /* LaunchScreen.storyboard */; };
/* End PBXBuildFile section */

/* Begin PBXFileReference section */
		BB74852E2397E88100A2E8E3 /* revels20-tushartapadia.app */ = {isa = PBXFileReference; explicitFileType = wrapper.application; includeInIndex = 0; path = "revels20-tushartapadia.app"; sourceTree = BUILT_PRODUCTS_DIR; };
		BB7485312397E88100A2E8E3 /* AppDelegate.swift */ = {isa = PBXFileReference; lastKnownFileType = sourcecode.swift; path = AppDelegate.swift; sourceTree = "<group>"; };
		BB7485332397E88100A2E8E3 /* SceneDelegate.swift */ = {isa = PBXFileReference; lastKnownFileType = sourcecode.swift; path = SceneDelegate.swift; sourceTree = "<group>"; };
		BB7485352397E88100A2E8E3 /* ViewController.swift */ = {isa = PBXFileReference; lastKnownFileType = sourcecode.swift; path = ViewController.swift; sourceTree = "<group>"; };
		BB7485382397E88100A2E8E3 /* Base */ = {isa = PBXFileReference; lastKnownFileType = file.storyboard; name = Base; path = Base.lproj/Main.storyboard; sourceTree = "<group>"; };
		BB74853A2397E88200A2E8E3 /* Assets.xcassets */ = {isa = PBXFileReference; lastKnownFileType = folder.assetcatalog; path = Assets.xcassets; sourceTree = "<group>"; };
		BB74853D2397E88200A2E8E3 /* Base */ = {isa = PBXFileReference; lastKnownFileType = file.storyboard; name = Base; path = Base.lproj/LaunchScreen.storyboard; sourceTree = "<group>"; };
		BB74853F2397E88200A2E8E3 /* Info.plist */ = {isa = PBXFileReference; lastKnownFileType = text.plist.xml; path = Info.plist; sourceTree = "<group>"; };
/* End PBXFileReference section */

/* Begin PBXFrameworksBuildPhase section */
		BB74852B2397E88100A2E8E3 /* Frameworks */ = {
			isa = PBXFrameworksBuildPhase;
			buildActionMask = 2147483647;
			files = (
			);
			runOnlyForDeploymentPostprocessing = 0;
		};
/* End PBXFrameworksBuildPhase section */

/* Begin PBXGroup section */
		BB7485252397E88100A2E8E3 = {
			isa = PBXGroup;
			children = (
				BB7485302397E88100A2E8E3 /* revels20-tushartapadia */,
				BB74852F2397E88100A2E8E3 /* Products */,
			);
			sourceTree = "<group>";
		};
		BB74852F2397E88100A2E8E3 /* Products */ = {
			isa = PBXGroup;
			children = (
				BB74852E2397E88100A2E8E3 /* revels20-tushartapadia.app */,
			);
			name = Products;
			sourceTree = "<group>";
		};
		BB7485302397E88100A2E8E3 /* revels20-tushartapadia */ = {
			isa = PBXGroup;
			children = (
				BB7485312397E88100A2E8E3 /* AppDelegate.swift */,
				BB7485332397E88100A2E8E3 /* SceneDelegate.swift */,
				BB7485352397E88100A2E8E3 /* ViewController.swift */,
				BB7485372397E88100A2E8E3 /* Main.storyboard */,
				BB74853A2397E88200A2E8E3 /* Assets.xcassets */,
				BB74853C2397E88200A2E8E3 /* LaunchScreen.storyboard */,
				BB74853F2397E88200A2E8E3 /* Info.plist */,
			);
			path = "revels20-tushartapadia";
			sourceTree = "<group>";
		};
/* End PBXGroup section */

/* Begin PBXNativeTarget section */
		BB74852D2397E88100A2E8E3 /* revels20-tushartapadia */ = {
			isa = PBXNativeTarget;
			buildConfigurationList = BB7485422397E88200A2E8E3 /* Build configuration list for PBXNativeTarget "revels20-tushartapadia" */;
			buildPhases = (
				BB74852A2397E88100A2E8E3 /* Sources */,
				BB74852B2397E88100A2E8E3 /* Frameworks */,
				BB74852C2397E88100A2E8E3 /* Resources */,
			);
			buildRules = (
			);
			dependencies = (
			);
			name = "revels20-tushartapadia";
			productName = "revels20-tushartapadia";
			productReference = BB74852E2397E88100A2E8E3 /* revels20-tushartapadia.app */;
			productType = "com.apple.product-type.application";
		};
/* End PBXNativeTarget section */

/* Begin PBXProject section */
		BB7485262397E88100A2E8E3 /* Project object */ = {
			isa = PBXProject;
			attributes = {
				LastSwiftUpdateCheck = 1120;
				LastUpgradeCheck = 1120;
				ORGANIZATIONNAME = "Tushar Tapadia";
				TargetAttributes = {
					BB74852D2397E88100A2E8E3 = {
						CreatedOnToolsVersion = 11.2.1;
					};
				};
			};
			buildConfigurationList = BB7485292397E88100A2E8E3 /* Build configuration list for PBXProject "revels20-tushartapadia" */;
			compatibilityVersion = "Xcode 9.3";
			developmentRegion = en;
			hasScannedForEncodings = 0;
			knownRegions = (
				en,
				Base,
			);
			mainGroup = BB7485252397E88100A2E8E3;
			productRefGroup = BB74852F2397E88100A2E8E3 /* Products */;
			projectDirPath = "";
			projectRoot = "";
			targets = (
				BB74852D2397E88100A2E8E3 /* revels20-tushartapadia */,
			);
		};
/* End PBXProject section */

/* Begin PBXResourcesBuildPhase section */
		BB74852C2397E88100A2E8E3 /* Resources */ = {
			isa = PBXResourcesBuildPhase;
			buildActionMask = 2147483647;
			files = (
				BB74853E2397E88200A2E8E3 /* LaunchScreen.storyboard in Resources */,
				BB74853B2397E88200A2E8E3 /* Assets.xcassets in Resources */,
				BB7485392397E88100A2E8E3 /* Main.storyboard in Resources */,
			);
			runOnlyForDeploymentPostprocessing = 0;
		};
/* End PBXResourcesBuildPhase section */

/* Begin PBXSourcesBuildPhase section */
		BB74852A2397E88100A2E8E3 /* Sources */ = {
			isa = PBXSourcesBuildPhase;
			buildActionMask = 2147483647;
			files = (
				BB7485362397E88100A2E8E3 /* ViewController.swift in Sources */,
				BB7485322397E88100A2E8E3 /* AppDelegate.swift in Sources */,
				BB7485342397E88100A2E8E3 /* SceneDelegate.swift in Sources */,
			);
			runOnlyForDeploymentPostprocessing = 0;
		};
/* End PBXSourcesBuildPhase section */

/* Begin PBXVariantGroup section */
		BB7485372397E88100A2E8E3 /* Main.storyboard */ = {
			isa = PBXVariantGroup;
			children = (
				BB7485382397E88100A2E8E3 /* Base */,
			);
			name = Main.storyboard;
			sourceTree = "<group>";
		};
		BB74853C2397E88200A2E8E3 /* LaunchScreen.storyboard */ = {
			isa = PBXVariantGroup;
			children = (
				BB74853D2397E88200A2E8E3 /* Base */,
			);
			name = LaunchScreen.storyboard;
			sourceTree = "<group>";
		};
/* End PBXVariantGroup section */

/* Begin XCBuildConfiguration section */
		BB7485402397E88200A2E8E3 /* Debug */ = {
			isa = XCBuildConfiguration;
			buildSettings = {
				ALWAYS_SEARCH_USER_PATHS = NO;
				CLANG_ANALYZER_NONNULL = YES;
				CLANG_ANALYZER_NUMBER_OBJECT_CONVERSION = YES_AGGRESSIVE;
				CLANG_CXX_LANGUAGE_STANDARD = "gnu++14";
				CLANG_CXX_LIBRARY = "libc++";
				CLANG_ENABLE_MODULES = YES;
				CLANG_ENABLE_OBJC_ARC = YES;
				CLANG_ENABLE_OBJC_WEAK = YES;
				CLANG_WARN_BLOCK_CAPTURE_AUTORELEASING = YES;
				CLANG_WARN_BOOL_CONVERSION = YES;
				CLANG_WARN_COMMA = YES;
				CLANG_WARN_CONSTANT_CONVERSION = YES;
				CLANG_WARN_DEPRECATED_OBJC_IMPLEMENTATIONS = YES;
				CLANG_WARN_DIRECT_OBJC_ISA_USAGE = YES_ERROR;
				CLANG_WARN_DOCUMENTATION_COMMENTS = YES;
				CLANG_WARN_EMPTY_BODY = YES;
				CLANG_WARN_ENUM_CONVERSION = YES;
				CLANG_WARN_INFINITE_RECURSION = YES;
				CLANG_WARN_INT_CONVERSION = YES;
				CLANG_WARN_NON_LITERAL_NULL_CONVERSION = YES;
				CLANG_WARN_OBJC_IMPLICIT_RETAIN_SELF = YES;
				CLANG_WARN_OBJC_LITERAL_CONVERSION = YES;
				CLANG_WARN_OBJC_ROOT_CLASS = YES_ERROR;
				CLANG_WARN_RANGE_LOOP_ANALYSIS = YES;
				CLANG_WARN_STRICT_PROTOTYPES = YES;
				CLANG_WARN_SUSPICIOUS_MOVE = YES;
				CLANG_WARN_UNGUARDED_AVAILABILITY = YES_AGGRESSIVE;
				CLANG_WARN_UNREACHABLE_CODE = YES;
				CLANG_WARN__DUPLICATE_METHOD_MATCH = YES;
				COPY_PHASE_STRIP = NO;
				DEBUG_INFORMATION_FORMAT = dwarf;
				ENABLE_STRICT_OBJC_MSGSEND = YES;
				ENABLE_TESTABILITY = YES;
				GCC_C_LANGUAGE_STANDARD = gnu11;
				GCC_DYNAMIC_NO_PIC = NO;
				GCC_NO_COMMON_BLOCKS = YES;
				GCC_OPTIMIZATION_LEVEL = 0;
				GCC_PREPROCESSOR_DEFINITIONS = (
					"DEBUG=1",
					"$(inherited)",
				);
				GCC_WARN_64_TO_32_BIT_CONVERSION = YES;
				GCC_WARN_ABOUT_RETURN_TYPE = YES_ERROR;
				GCC_WARN_UNDECLARED_SELECTOR = YES;
				GCC_WARN_UNINITIALIZED_AUTOS = YES_AGGRESSIVE;
				GCC_WARN_UNUSED_FUNCTION = YES;
				GCC_WARN_UNUSED_VARIABLE = YES;
				IPHONEOS_DEPLOYMENT_TARGET = 13.2;
				MTL_ENABLE_DEBUG_INFO = INCLUDE_SOURCE;
				MTL_FAST_MATH = YES;
				ONLY_ACTIVE_ARCH = YES;
				SDKROOT = iphoneos;
				SWIFT_ACTIVE_COMPILATION_CONDITIONS = DEBUG;
				SWIFT_OPTIMIZATION_LEVEL = "-Onone";
			};
			name = Debug;
		};
		BB7485412397E88200A2E8E3 /* Release */ = {
			isa = XCBuildConfiguration;
			buildSettings = {
				ALWAYS_SEARCH_USER_PATHS = NO;
				CLANG_ANALYZER_NONNULL = YES;
				CLANG_ANALYZER_NUMBER_OBJECT_CONVERSION = YES_AGGRESSIVE;
				CLANG_CXX_LANGUAGE_STANDARD = "gnu++14";
				CLANG_CXX_LIBRARY = "libc++";
				CLANG_ENABLE_MODULES = YES;
				CLANG_ENABLE_OBJC_ARC = YES;
				CLANG_ENABLE_OBJC_WEAK = YES;
				CLANG_WARN_BLOCK_CAPTURE_AUTORELEASING = YES;
				CLANG_WARN_BOOL_CONVERSION = YES;
				CLANG_WARN_COMMA = YES;
				CLANG_WARN_CONSTANT_CONVERSION = YES;
				CLANG_WARN_DEPRECATED_OBJC_IMPLEMENTATIONS = YES;
				CLANG_WARN_DIRECT_OBJC_ISA_USAGE = YES_ERROR;
				CLANG_WARN_DOCUMENTATION_COMMENTS = YES;
				CLANG_WARN_EMPTY_BODY = YES;
				CLANG_WARN_ENUM_CONVERSION = YES;
				CLANG_WARN_INFINITE_RECURSION = YES;
				CLANG_WARN_INT_CONVERSION = YES;
				CLANG_WARN_NON_LITERAL_NULL_CONVERSION = YES;
				CLANG_WARN_OBJC_IMPLICIT_RETAIN_SELF = YES;
				CLANG_WARN_OBJC_LITERAL_CONVERSION = YES;
				CLANG_WARN_OBJC_ROOT_CLASS = YES_ERROR;
				CLANG_WARN_RANGE_LOOP_ANALYSIS = YES;
				CLANG_WARN_STRICT_PROTOTYPES = YES;
				CLANG_WARN_SUSPICIOUS_MOVE = YES;
				CLANG_WARN_UNGUARDED_AVAILABILITY = YES_AGGRESSIVE;
				CLANG_WARN_UNREACHABLE_CODE = YES;
				CLANG_WARN__DUPLICATE_METHOD_MATCH = YES;
				COPY_PHASE_STRIP = NO;
				DEBUG_INFORMATION_FORMAT = "dwarf-with-dsym";
				ENABLE_NS_ASSERTIONS = NO;
				ENABLE_STRICT_OBJC_MSGSEND = YES;
				GCC_C_LANGUAGE_STANDARD = gnu11;
				GCC_NO_COMMON_BLOCKS = YES;
				GCC_WARN_64_TO_32_BIT_CONVERSION = YES;
				GCC_WARN_ABOUT_RETURN_TYPE = YES_ERROR;
				GCC_WARN_UNDECLARED_SELECTOR = YES;
				GCC_WARN_UNINITIALIZED_AUTOS = YES_AGGRESSIVE;
				GCC_WARN_UNUSED_FUNCTION = YES;
				GCC_WARN_UNUSED_VARIABLE = YES;
				IPHONEOS_DEPLOYMENT_TARGET = 13.2;
				MTL_ENABLE_DEBUG_INFO = NO;
				MTL_FAST_MATH = YES;
				SDKROOT = iphoneos;
				SWIFT_COMPILATION_MODE = wholemodule;
				SWIFT_OPTIMIZATION_LEVEL = "-O";
				VALIDATE_PRODUCT = YES;
			};
			name = Release;
		};
		BB7485432397E88200A2E8E3 /* Debug */ = {
			isa = XCBuildConfiguration;
			buildSettings = {
				ASSETCATALOG_COMPILER_APPICON_NAME = AppIcon;
				CODE_SIGN_STYLE = Automatic;
				INFOPLIST_FILE = "revels20-tushartapadia/Info.plist";
				LD_RUNPATH_SEARCH_PATHS = (
					"$(inherited)",
					"@executable_path/Frameworks",
				);
				PRODUCT_BUNDLE_IDENTIFIER = "com.revels20.revels20-tushartapadia";
				PRODUCT_NAME = "$(TARGET_NAME)";
				SWIFT_VERSION = 5.0;
				TARGETED_DEVICE_FAMILY = "1,2";
			};
			name = Debug;
		};
		BB7485442397E88200A2E8E3 /* Release */ = {
			isa = XCBuildConfiguration;
			buildSettings = {
				ASSETCATALOG_COMPILER_APPICON_NAME = AppIcon;
				CODE_SIGN_STYLE = Automatic;
				INFOPLIST_FILE = "revels20-tushartapadia/Info.plist";
				LD_RUNPATH_SEARCH_PATHS = (
					"$(inherited)",
					"@executable_path/Frameworks",
				);
				PRODUCT_BUNDLE_IDENTIFIER = "com.revels20.revels20-tushartapadia";
				PRODUCT_NAME = "$(TARGET_NAME)";
				SWIFT_VERSION = 5.0;
				TARGETED_DEVICE_FAMILY = "1,2";
			};
			name = Release;
		};
/* End XCBuildConfiguration section */

/* Begin XCConfigurationList section */
		BB7485292397E88100A2E8E3 /* Build configuration list for PBXProject "revels20-tushartapadia" */ = {
			isa = XCConfigurationList;
			buildConfigurations = (
				BB7485402397E88200A2E8E3 /* Debug */,
				BB7485412397E88200A2E8E3 /* Release */,
			);
			defaultConfigurationIsVisible = 0;
			defaultConfigurationName = Release;
		};
		BB7485422397E88200A2E8E3 /* Build configuration list for PBXNativeTarget "revels20-tushartapadia" */ = {
			isa = XCConfigurationList;
			buildConfigurations = (
				BB7485432397E88200A2E8E3 /* Debug */,
				BB7485442397E88200A2E8E3 /* Release */,
			);
			defaultConfigurationIsVisible = 0;
			defaultConfigurationName = Release;
		};
/* End XCConfigurationList section */
	};
	rootObject = BB7485262397E88100A2E8E3 /* Project object */;
}
